// !$*UTF8*$!
{
	archiveVersion = 1;
	classes = {
	};
	objectVersion = 50;
	objects = {

/* Begin PBXBuildFile section */
		A867293B2579725400644774 /* Models.swift in Sources */ = {isa = PBXBuildFile; fileRef = A867293A2579725400644774 /* Models.swift */; };
		B7B1786A2578313F00D9CD28 /* AppDelegate.swift in Sources */ = {isa = PBXBuildFile; fileRef = B7B178692578313F00D9CD28 /* AppDelegate.swift */; };
		B7B1786C2578313F00D9CD28 /* SceneDelegate.swift in Sources */ = {isa = PBXBuildFile; fileRef = B7B1786B2578313F00D9CD28 /* SceneDelegate.swift */; };
		B7B178712578313F00D9CD28 /* Main.storyboard in Resources */ = {isa = PBXBuildFile; fileRef = B7B1786F2578313F00D9CD28 /* Main.storyboard */; };
		B7B178732578314000D9CD28 /* Assets.xcassets in Resources */ = {isa = PBXBuildFile; fileRef = B7B178722578314000D9CD28 /* Assets.xcassets */; };
		B7B178762578314000D9CD28 /* LaunchScreen.storyboard in Resources */ = {isa = PBXBuildFile; fileRef = B7B178742578314000D9CD28 /* LaunchScreen.storyboard */; };
		B7B178862578343000D9CD28 /* BackendFunctions.swift in Sources */ = {isa = PBXBuildFile; fileRef = B7B178852578343000D9CD28 /* BackendFunctions.swift */; };
		B7B1788B2578355100D9CD28 /* ViewController.swift in Sources */ = {isa = PBXBuildFile; fileRef = B7B1788A2578355100D9CD28 /* ViewController.swift */; };
/* End PBXBuildFile section */

/* Begin PBXFileReference section */
		A867293A2579725400644774 /* Models.swift */ = {isa = PBXFileReference; lastKnownFileType = sourcecode.swift; path = Models.swift; sourceTree = "<group>"; };
		B7B178662578313F00D9CD28 /* Backend-Workshop.app */ = {isa = PBXFileReference; explicitFileType = wrapper.application; includeInIndex = 0; path = "Backend-Workshop.app"; sourceTree = BUILT_PRODUCTS_DIR; };
		B7B178692578313F00D9CD28 /* AppDelegate.swift */ = {isa = PBXFileReference; lastKnownFileType = sourcecode.swift; path = AppDelegate.swift; sourceTree = "<group>"; };
		B7B1786B2578313F00D9CD28 /* SceneDelegate.swift */ = {isa = PBXFileReference; lastKnownFileType = sourcecode.swift; path = SceneDelegate.swift; sourceTree = "<group>"; };
		B7B178702578313F00D9CD28 /* Base */ = {isa = PBXFileReference; lastKnownFileType = file.storyboard; name = Base; path = Base.lproj/Main.storyboard; sourceTree = "<group>"; };
		B7B178722578314000D9CD28 /* Assets.xcassets */ = {isa = PBXFileReference; lastKnownFileType = folder.assetcatalog; path = Assets.xcassets; sourceTree = "<group>"; };
		B7B178752578314000D9CD28 /* Base */ = {isa = PBXFileReference; lastKnownFileType = file.storyboard; name = Base; path = Base.lproj/LaunchScreen.storyboard; sourceTree = "<group>"; };
		B7B178772578314000D9CD28 /* Info.plist */ = {isa = PBXFileReference; lastKnownFileType = text.plist.xml; path = Info.plist; sourceTree = "<group>"; };
		B7B178852578343000D9CD28 /* BackendFunctions.swift */ = {isa = PBXFileReference; lastKnownFileType = sourcecode.swift; path = BackendFunctions.swift; sourceTree = "<group>"; };
		B7B1788A2578355100D9CD28 /* ViewController.swift */ = {isa = PBXFileReference; lastKnownFileType = sourcecode.swift; path = ViewController.swift; sourceTree = "<group>"; };
/* End PBXFileReference section */

/* Begin PBXFrameworksBuildPhase section */
		B7B178632578313F00D9CD28 /* Frameworks */ = {
			isa = PBXFrameworksBuildPhase;
			buildActionMask = 2147483647;
			files = (
			);
			runOnlyForDeploymentPostprocessing = 0;
		};
/* End PBXFrameworksBuildPhase section */

/* Begin PBXGroup section */
		B7B1785D2578313F00D9CD28 = {
			isa = PBXGroup;
			children = (
				B7B178682578313F00D9CD28 /* Backend-Workshop */,
				B7B178672578313F00D9CD28 /* Products */,
			);
			sourceTree = "<group>";
		};
		B7B178672578313F00D9CD28 /* Products */ = {
			isa = PBXGroup;
			children = (
				B7B178662578313F00D9CD28 /* Backend-Workshop.app */,
			);
			name = Products;
			sourceTree = "<group>";
		};
		B7B178682578313F00D9CD28 /* Backend-Workshop */ = {
			isa = PBXGroup;
			children = (
				B7B178842578341C00D9CD28 /* Utilities */,
				B7B40EA5257EC18C000B939A /* Model */,
				B7B40EA6257EC195000B939A /* View */,
				B7B178812578340800D9CD28 /* Controller */,
				B7B178772578314000D9CD28 /* Info.plist */,
				B7B1786F2578313F00D9CD28 /* Main.storyboard */,
				B7B178742578314000D9CD28 /* LaunchScreen.storyboard */,
				B7B178722578314000D9CD28 /* Assets.xcassets */,
				B7B1786B2578313F00D9CD28 /* SceneDelegate.swift */,
				B7B178692578313F00D9CD28 /* AppDelegate.swift */,
			);
			path = "Backend-Workshop";
			sourceTree = "<group>";
		};
		B7B178812578340800D9CD28 /* Controller */ = {
			isa = PBXGroup;
			children = (
				B7B1788A2578355100D9CD28 /* ViewController.swift */,
			);
			path = Controller;
			sourceTree = "<group>";
		};
		B7B178842578341C00D9CD28 /* Utilities */ = {
			isa = PBXGroup;
			children = (
				B7B178852578343000D9CD28 /* BackendFunctions.swift */,
			);
			path = Utilities;
			sourceTree = "<group>";
		};
		B7B40EA5257EC18C000B939A /* Model */ = {
			isa = PBXGroup;
			children = (
				A867293A2579725400644774 /* Models.swift */,
			);
			path = Model;
			sourceTree = "<group>";
		};
		B7B40EA6257EC195000B939A /* View */ = {
			isa = PBXGroup;
			children = (
			);
			path = View;
			sourceTree = "<group>";
		};
/* End PBXGroup section */

/* Begin PBXNativeTarget section */
		B7B178652578313F00D9CD28 /* Backend-Workshop */ = {
			isa = PBXNativeTarget;
			buildConfigurationList = B7B1787A2578314000D9CD28 /* Build configuration list for PBXNativeTarget "Backend-Workshop" */;
			buildPhases = (
				B7B178622578313F00D9CD28 /* Sources */,
				B7B178632578313F00D9CD28 /* Frameworks */,
				B7B178642578313F00D9CD28 /* Resources */,
			);
			buildRules = (
			);
			dependencies = (
			);
			name = "Backend-Workshop";
			productName = "Backend-Workshop";
			productReference = B7B178662578313F00D9CD28 /* Backend-Workshop.app */;
			productType = "com.apple.product-type.application";
		};
/* End PBXNativeTarget section */

/* Begin PBXProject section */
		B7B1785E2578313F00D9CD28 /* Project object */ = {
			isa = PBXProject;
			attributes = {
				LastSwiftUpdateCheck = 1220;
				LastUpgradeCheck = 1220;
				TargetAttributes = {
					B7B178652578313F00D9CD28 = {
						CreatedOnToolsVersion = 12.2;
					};
				};
			};
			buildConfigurationList = B7B178612578313F00D9CD28 /* Build configuration list for PBXProject "Backend-Workshop" */;
			compatibilityVersion = "Xcode 9.3";
			developmentRegion = en;
			hasScannedForEncodings = 0;
			knownRegions = (
				en,
				Base,
			);
			mainGroup = B7B1785D2578313F00D9CD28;
			productRefGroup = B7B178672578313F00D9CD28 /* Products */;
			projectDirPath = "";
			projectRoot = "";
			targets = (
				B7B178652578313F00D9CD28 /* Backend-Workshop */,
			);
		};
/* End PBXProject section */

/* Begin PBXResourcesBuildPhase section */
		B7B178642578313F00D9CD28 /* Resources */ = {
			isa = PBXResourcesBuildPhase;
			buildActionMask = 2147483647;
			files = (
				B7B178762578314000D9CD28 /* LaunchScreen.storyboard in Resources */,
				B7B178732578314000D9CD28 /* Assets.xcassets in Resources */,
				B7B178712578313F00D9CD28 /* Main.storyboard in Resources */,
			);
			runOnlyForDeploymentPostprocessing = 0;
		};
/* End PBXResourcesBuildPhase section */

/* Begin PBXSourcesBuildPhase section */
		B7B178622578313F00D9CD28 /* Sources */ = {
			isa = PBXSourcesBuildPhase;
			buildActionMask = 2147483647;
			files = (
				B7B1788B2578355100D9CD28 /* ViewController.swift in Sources */,
				B7B1786A2578313F00D9CD28 /* AppDelegate.swift in Sources */,
				B7B178862578343000D9CD28 /* BackendFunctions.swift in Sources */,
				B7B1786C2578313F00D9CD28 /* SceneDelegate.swift in Sources */,
				A867293B2579725400644774 /* Models.swift in Sources */,
			);
			runOnlyForDeploymentPostprocessing = 0;
		};
/* End PBXSourcesBuildPhase section */

/* Begin PBXVariantGroup section */
		B7B1786F2578313F00D9CD28 /* Main.storyboard */ = {
			isa = PBXVariantGroup;
			children = (
				B7B178702578313F00D9CD28 /* Base */,
			);
			name = Main.storyboard;
			sourceTree = "<group>";
		};
		B7B178742578314000D9CD28 /* LaunchScreen.storyboard */ = {
			isa = PBXVariantGroup;
			children = (
				B7B178752578314000D9CD28 /* Base */,
			);
			name = LaunchScreen.storyboard;
			sourceTree = "<group>";
		};
/* End PBXVariantGroup section */

/* Begin XCBuildConfiguration section */
		B7B178782578314000D9CD28 /* Debug */ = {
			isa = XCBuildConfiguration;
			buildSettings = {
				ALWAYS_SEARCH_USER_PATHS = NO;
				CLANG_ANALYZER_NONNULL = YES;
				CLANG_ANALYZER_NUMBER_OBJECT_CONVERSION = YES_AGGRESSIVE;
				CLANG_CXX_LANGUAGE_STANDARD = "gnu++14";
				CLANG_CXX_LIBRARY = "libc++";
				CLANG_ENABLE_MODULES = YES;
				CLANG_ENABLE_OBJC_ARC = YES;
				CLANG_ENABLE_OBJC_WEAK = YES;
				CLANG_WARN_BLOCK_CAPTURE_AUTORELEASING = YES;
				CLANG_WARN_BOOL_CONVERSION = YES;
				CLANG_WARN_COMMA = YES;
				CLANG_WARN_CONSTANT_CONVERSION = YES;
				CLANG_WARN_DEPRECATED_OBJC_IMPLEMENTATIONS = YES;
				CLANG_WARN_DIRECT_OBJC_ISA_USAGE = YES_ERROR;
				CLANG_WARN_DOCUMENTATION_COMMENTS = YES;
				CLANG_WARN_EMPTY_BODY = YES;
				CLANG_WARN_ENUM_CONVERSION = YES;
				CLANG_WARN_INFINITE_RECURSION = YES;
				CLANG_WARN_INT_CONVERSION = YES;
				CLANG_WARN_NON_LITERAL_NULL_CONVERSION = YES;
				CLANG_WARN_OBJC_IMPLICIT_RETAIN_SELF = YES;
				CLANG_WARN_OBJC_LITERAL_CONVERSION = YES;
				CLANG_WARN_OBJC_ROOT_CLASS = YES_ERROR;
				CLANG_WARN_QUOTED_INCLUDE_IN_FRAMEWORK_HEADER = YES;
				CLANG_WARN_RANGE_LOOP_ANALYSIS = YES;
				CLANG_WARN_STRICT_PROTOTYPES = YES;
				CLANG_WARN_SUSPICIOUS_MOVE = YES;
				CLANG_WARN_UNGUARDED_AVAILABILITY = YES_AGGRESSIVE;
				CLANG_WARN_UNREACHABLE_CODE = YES;
				CLANG_WARN__DUPLICATE_METHOD_MATCH = YES;
				COPY_PHASE_STRIP = NO;
				DEBUG_INFORMATION_FORMAT = dwarf;
				ENABLE_STRICT_OBJC_MSGSEND = YES;
				ENABLE_TESTABILITY = YES;
				GCC_C_LANGUAGE_STANDARD = gnu11;
				GCC_DYNAMIC_NO_PIC = NO;
				GCC_NO_COMMON_BLOCKS = YES;
				GCC_OPTIMIZATION_LEVEL = 0;
				GCC_PREPROCESSOR_DEFINITIONS = (
					"DEBUG=1",
					"$(inherited)",
				);
				GCC_WARN_64_TO_32_BIT_CONVERSION = YES;
				GCC_WARN_ABOUT_RETURN_TYPE = YES_ERROR;
				GCC_WARN_UNDECLARED_SELECTOR = YES;
				GCC_WARN_UNINITIALIZED_AUTOS = YES_AGGRESSIVE;
				GCC_WARN_UNUSED_FUNCTION = YES;
				GCC_WARN_UNUSED_VARIABLE = YES;
				IPHONEOS_DEPLOYMENT_TARGET = 14.2;
				MTL_ENABLE_DEBUG_INFO = INCLUDE_SOURCE;
				MTL_FAST_MATH = YES;
				ONLY_ACTIVE_ARCH = YES;
				SDKROOT = iphoneos;
				SWIFT_ACTIVE_COMPILATION_CONDITIONS = DEBUG;
				SWIFT_OPTIMIZATION_LEVEL = "-Onone";
			};
			name = Debug;
		};
		B7B178792578314000D9CD28 /* Release */ = {
			isa = XCBuildConfiguration;
			buildSettings = {
				ALWAYS_SEARCH_USER_PATHS = NO;
				CLANG_ANALYZER_NONNULL = YES;
				CLANG_ANALYZER_NUMBER_OBJECT_CONVERSION = YES_AGGRESSIVE;
				CLANG_CXX_LANGUAGE_STANDARD = "gnu++14";
				CLANG_CXX_LIBRARY = "libc++";
				CLANG_ENABLE_MODULES = YES;
				CLANG_ENABLE_OBJC_ARC = YES;
				CLANG_ENABLE_OBJC_WEAK = YES;
				CLANG_WARN_BLOCK_CAPTURE_AUTORELEASING = YES;
				CLANG_WARN_BOOL_CONVERSION = YES;
				CLANG_WARN_COMMA = YES;
				CLANG_WARN_CONSTANT_CONVERSION = YES;
				CLANG_WARN_DEPRECATED_OBJC_IMPLEMENTATIONS = YES;
				CLANG_WARN_DIRECT_OBJC_ISA_USAGE = YES_ERROR;
				CLANG_WARN_DOCUMENTATION_COMMENTS = YES;
				CLANG_WARN_EMPTY_BODY = YES;
				CLANG_WARN_ENUM_CONVERSION = YES;
				CLANG_WARN_INFINITE_RECURSION = YES;
				CLANG_WARN_INT_CONVERSION = YES;
				CLANG_WARN_NON_LITERAL_NULL_CONVERSION = YES;
				CLANG_WARN_OBJC_IMPLICIT_RETAIN_SELF = YES;
				CLANG_WARN_OBJC_LITERAL_CONVERSION = YES;
				CLANG_WARN_OBJC_ROOT_CLASS = YES_ERROR;
				CLANG_WARN_QUOTED_INCLUDE_IN_FRAMEWORK_HEADER = YES;
				CLANG_WARN_RANGE_LOOP_ANALYSIS = YES;
				CLANG_WARN_STRICT_PROTOTYPES = YES;
				CLANG_WARN_SUSPICIOUS_MOVE = YES;
				CLANG_WARN_UNGUARDED_AVAILABILITY = YES_AGGRESSIVE;
				CLANG_WARN_UNREACHABLE_CODE = YES;
				CLANG_WARN__DUPLICATE_METHOD_MATCH = YES;
				COPY_PHASE_STRIP = NO;
				DEBUG_INFORMATION_FORMAT = "dwarf-with-dsym";
				ENABLE_NS_ASSERTIONS = NO;
				ENABLE_STRICT_OBJC_MSGSEND = YES;
				GCC_C_LANGUAGE_STANDARD = gnu11;
				GCC_NO_COMMON_BLOCKS = YES;
				GCC_WARN_64_TO_32_BIT_CONVERSION = YES;
				GCC_WARN_ABOUT_RETURN_TYPE = YES_ERROR;
				GCC_WARN_UNDECLARED_SELECTOR = YES;
				GCC_WARN_UNINITIALIZED_AUTOS = YES_AGGRESSIVE;
				GCC_WARN_UNUSED_FUNCTION = YES;
				GCC_WARN_UNUSED_VARIABLE = YES;
				IPHONEOS_DEPLOYMENT_TARGET = 14.2;
				MTL_ENABLE_DEBUG_INFO = NO;
				MTL_FAST_MATH = YES;
				SDKROOT = iphoneos;
				SWIFT_COMPILATION_MODE = wholemodule;
				SWIFT_OPTIMIZATION_LEVEL = "-O";
				VALIDATE_PRODUCT = YES;
			};
			name = Release;
		};
		B7B1787B2578314000D9CD28 /* Debug */ = {
			isa = XCBuildConfiguration;
			buildSettings = {
				ASSETCATALOG_COMPILER_APPICON_NAME = AppIcon;
				ASSETCATALOG_COMPILER_GLOBAL_ACCENT_COLOR_NAME = AccentColor;
				CODE_SIGN_STYLE = Automatic;
				DEVELOPMENT_TEAM = 3E9R3592W8;
				INFOPLIST_FILE = "Backend-Workshop/Info.plist";
				LD_RUNPATH_SEARCH_PATHS = (
					"$(inherited)",
					"@executable_path/Frameworks",
				);
				PRODUCT_BUNDLE_IDENTIFIER = "com.rodrigolemos.Backend-Workshop";
				PRODUCT_NAME = "$(TARGET_NAME)";
				SWIFT_VERSION = 5.0;
				TARGETED_DEVICE_FAMILY = "1,2";
			};
			name = Debug;
		};
		B7B1787C2578314000D9CD28 /* Release */ = {
			isa = XCBuildConfiguration;
			buildSettings = {
				ASSETCATALOG_COMPILER_APPICON_NAME = AppIcon;
				ASSETCATALOG_COMPILER_GLOBAL_ACCENT_COLOR_NAME = AccentColor;
				CODE_SIGN_STYLE = Automatic;
				DEVELOPMENT_TEAM = 3E9R3592W8;
				INFOPLIST_FILE = "Backend-Workshop/Info.plist";
				LD_RUNPATH_SEARCH_PATHS = (
					"$(inherited)",
					"@executable_path/Frameworks",
				);
				PRODUCT_BUNDLE_IDENTIFIER = "com.rodrigolemos.Backend-Workshop";
				PRODUCT_NAME = "$(TARGET_NAME)";
				SWIFT_VERSION = 5.0;
				TARGETED_DEVICE_FAMILY = "1,2";
			};
			name = Release;
		};
/* End XCBuildConfiguration section */

/* Begin XCConfigurationList section */
		B7B178612578313F00D9CD28 /* Build configuration list for PBXProject "Backend-Workshop" */ = {
			isa = XCConfigurationList;
			buildConfigurations = (
				B7B178782578314000D9CD28 /* Debug */,
				B7B178792578314000D9CD28 /* Release */,
			);
			defaultConfigurationIsVisible = 0;
			defaultConfigurationName = Release;
		};
		B7B1787A2578314000D9CD28 /* Build configuration list for PBXNativeTarget "Backend-Workshop" */ = {
			isa = XCConfigurationList;
			buildConfigurations = (
				B7B1787B2578314000D9CD28 /* Debug */,
				B7B1787C2578314000D9CD28 /* Release */,
			);
			defaultConfigurationIsVisible = 0;
			defaultConfigurationName = Release;
		};
/* End XCConfigurationList section */
	};
	rootObject = B7B1785E2578313F00D9CD28 /* Project object */;
}
